Microsoft Visual Studio Solution File, Format Version 12.00
# Visual Studio Version 17
VisualStudioVersion = 17.5.2.0
MinimumVisualStudioVersion = 10.0.40219.1
Project("{FAE04EC0-301F-11D3-BF4B-00C04F79EFBC}") = "StarcraftOrganizer", "StarcraftOrganizer.csproj", "{1885D334-08F6-EC10-60B4-A9479E6D61FC}"
EndProject
Global
	GlobalSection(SolutionConfigurationPlatforms) = preSolution
		Debug|Any CPU = Debug|Any CPU
		Release|Any CPU = Release|Any CPU
	EndGlobalSection
	GlobalSection(ProjectConfigurationPlatforms) = postSolution
		{1885D334-08F6-EC10-60B4-A9479E6D61FC}.Debug|Any CPU.ActiveCfg = Debug|Any CPU
		{1885D334-08F6-EC10-60B4-A9479E6D61FC}.Debug|Any CPU.Build.0 = Debug|Any CPU
		{1885D334-08F6-EC10-60B4-A9479E6D61FC}.Release|Any CPU.ActiveCfg = Release|Any CPU
		{1885D334-08F6-EC10-60B4-A9479E6D61FC}.Release|Any CPU.Build.0 = Release|Any CPU
	EndGlobalSection
	GlobalSection(SolutionProperties) = preSolution
		HideSolutionNode = FALSE
	EndGlobalSection
	GlobalSection(ExtensibilityGlobals) = postSolution
		SolutionGuid = {D782A5AC-9C31-46ED-A836-1C8A413B594F}
	EndGlobalSection
EndGlobal
